// !$*UTF8*$!
{
	archiveVersion = 1;
	classes = {
	};
	objectVersion = 46;
	objects = {

/* Begin PBXBuildFile section */
		7B09C7BC1EF282F500AF4F08 /* AppDelegate.swift in Sources */ = {isa = PBXBuildFile; fileRef = 7B09C7BB1EF282F500AF4F08 /* AppDelegate.swift */; };
		7B09C7BE1EF282F500AF4F08 /* CurrentLocationViewController.swift in Sources */ = {isa = PBXBuildFile; fileRef = 7B09C7BD1EF282F500AF4F08 /* CurrentLocationViewController.swift */; };
		7B09C7C01EF282F500AF4F08 /* SecondViewController.swift in Sources */ = {isa = PBXBuildFile; fileRef = 7B09C7BF1EF282F500AF4F08 /* SecondViewController.swift */; };
		7B09C7C31EF282F500AF4F08 /* Main.storyboard in Resources */ = {isa = PBXBuildFile; fileRef = 7B09C7C11EF282F500AF4F08 /* Main.storyboard */; };
		7B09C7C51EF282F500AF4F08 /* Assets.xcassets in Resources */ = {isa = PBXBuildFile; fileRef = 7B09C7C41EF282F500AF4F08 /* Assets.xcassets */; };
		7B09C7C81EF282F500AF4F08 /* LaunchScreen.storyboard in Resources */ = {isa = PBXBuildFile; fileRef = 7B09C7C61EF282F500AF4F08 /* LaunchScreen.storyboard */; };
		7B0EFE5B1EFCEB320012FE7D /* DataModel.xcdatamodeld in Sources */ = {isa = PBXBuildFile; fileRef = 7B0EFE591EFCEB320012FE7D /* DataModel.xcdatamodeld */; };
		7B0EFE6A1EFD03690012FE7D /* Location+CoreDataClass.swift in Sources */ = {isa = PBXBuildFile; fileRef = 7B0EFE681EFD03690012FE7D /* Location+CoreDataClass.swift */; };
		7B0EFE6B1EFD03690012FE7D /* Location+CoreDataProperties.swift in Sources */ = {isa = PBXBuildFile; fileRef = 7B0EFE691EFD03690012FE7D /* Location+CoreDataProperties.swift */; };
		7B1220761EFA110200E7A465 /* LocationDetailsViewController.swift in Sources */ = {isa = PBXBuildFile; fileRef = 7B1220751EFA110200E7A465 /* LocationDetailsViewController.swift */; };
		7B13E25C1F020C2700694DCC /* MapKit.framework in Frameworks */ = {isa = PBXBuildFile; fileRef = 7B13E25B1F020C2700694DCC /* MapKit.framework */; };
		7B13E25E1F020E4F00694DCC /* MapViewController.swift in Sources */ = {isa = PBXBuildFile; fileRef = 7B13E25D1F020E4F00694DCC /* MapViewController.swift */; };
		7B24E2201EFB6AF7009A0689 /* HudView.swift in Sources */ = {isa = PBXBuildFile; fileRef = 7B24E21F1EFB6AF7009A0689 /* HudView.swift */; };
		7B24E2221EFBC16E009A0689 /* Functions.swift in Sources */ = {isa = PBXBuildFile; fileRef = 7B24E2211EFBC16E009A0689 /* Functions.swift */; };
		7B2F91501F00B5AF000F676B /* LocationsViewController.swift in Sources */ = {isa = PBXBuildFile; fileRef = 7B2F914F1F00B5AF000F676B /* LocationsViewController.swift */; };
		7BC4C4EC1F00EAF3001FD74D /* LocationCell.swift in Sources */ = {isa = PBXBuildFile; fileRef = 7BC4C4EB1F00EAF3001FD74D /* LocationCell.swift */; };
		7BD3290F1EFAB83C00B4FB4F /* CategoryPickerViewController.swift in Sources */ = {isa = PBXBuildFile; fileRef = 7BD3290E1EFAB83C00B4FB4F /* CategoryPickerViewController.swift */; };
/* End PBXBuildFile section */

/* Begin PBXFileReference section */
		7B09C7B81EF282F500AF4F08 /* MyLocations.app */ = {isa = PBXFileReference; explicitFileType = wrapper.application; includeInIndex = 0; path = MyLocations.app; sourceTree = BUILT_PRODUCTS_DIR; };
		7B09C7BB1EF282F500AF4F08 /* AppDelegate.swift */ = {isa = PBXFileReference; lastKnownFileType = sourcecode.swift; path = AppDelegate.swift; sourceTree = "<group>"; };
		7B09C7BD1EF282F500AF4F08 /* CurrentLocationViewController.swift */ = {isa = PBXFileReference; lastKnownFileType = sourcecode.swift; path = CurrentLocationViewController.swift; sourceTree = "<group>"; };
		7B09C7BF1EF282F500AF4F08 /* SecondViewController.swift */ = {isa = PBXFileReference; lastKnownFileType = sourcecode.swift; path = SecondViewController.swift; sourceTree = "<group>"; };
		7B09C7C21EF282F500AF4F08 /* Base */ = {isa = PBXFileReference; lastKnownFileType = file.storyboard; name = Base; path = Base.lproj/Main.storyboard; sourceTree = "<group>"; };
		7B09C7C41EF282F500AF4F08 /* Assets.xcassets */ = {isa = PBXFileReference; lastKnownFileType = folder.assetcatalog; path = Assets.xcassets; sourceTree = "<group>"; };
		7B09C7C71EF282F500AF4F08 /* Base */ = {isa = PBXFileReference; lastKnownFileType = file.storyboard; name = Base; path = Base.lproj/LaunchScreen.storyboard; sourceTree = "<group>"; };
		7B09C7C91EF282F500AF4F08 /* Info.plist */ = {isa = PBXFileReference; lastKnownFileType = text.plist.xml; path = Info.plist; sourceTree = "<group>"; };
		7B0EFE5A1EFCEB320012FE7D /* DataModel.xcdatamodel */ = {isa = PBXFileReference; lastKnownFileType = wrapper.xcdatamodel; path = DataModel.xcdatamodel; sourceTree = "<group>"; };
		7B0EFE681EFD03690012FE7D /* Location+CoreDataClass.swift */ = {isa = PBXFileReference; fileEncoding = 4; lastKnownFileType = sourcecode.swift; path = "Location+CoreDataClass.swift"; sourceTree = "<group>"; };
		7B0EFE691EFD03690012FE7D /* Location+CoreDataProperties.swift */ = {isa = PBXFileReference; fileEncoding = 4; lastKnownFileType = sourcecode.swift; path = "Location+CoreDataProperties.swift"; sourceTree = "<group>"; };
		7B1220751EFA110200E7A465 /* LocationDetailsViewController.swift */ = {isa = PBXFileReference; fileEncoding = 4; lastKnownFileType = sourcecode.swift; path = LocationDetailsViewController.swift; sourceTree = "<group>"; };
		7B13E25B1F020C2700694DCC /* MapKit.framework */ = {isa = PBXFileReference; lastKnownFileType = wrapper.framework; name = MapKit.framework; path = System/Library/Frameworks/MapKit.framework; sourceTree = SDKROOT; };
		7B13E25D1F020E4F00694DCC /* MapViewController.swift */ = {isa = PBXFileReference; fileEncoding = 4; lastKnownFileType = sourcecode.swift; path = MapViewController.swift; sourceTree = "<group>"; };
		7B24E21F1EFB6AF7009A0689 /* HudView.swift */ = {isa = PBXFileReference; fileEncoding = 4; lastKnownFileType = sourcecode.swift; path = HudView.swift; sourceTree = "<group>"; };
		7B24E2211EFBC16E009A0689 /* Functions.swift */ = {isa = PBXFileReference; fileEncoding = 4; lastKnownFileType = sourcecode.swift; path = Functions.swift; sourceTree = "<group>"; };
		7B2F914F1F00B5AF000F676B /* LocationsViewController.swift */ = {isa = PBXFileReference; fileEncoding = 4; lastKnownFileType = sourcecode.swift; path = LocationsViewController.swift; sourceTree = "<group>"; };
		7BC4C4EB1F00EAF3001FD74D /* LocationCell.swift */ = {isa = PBXFileReference; fileEncoding = 4; lastKnownFileType = sourcecode.swift; path = LocationCell.swift; sourceTree = "<group>"; };
		7BD3290E1EFAB83C00B4FB4F /* CategoryPickerViewController.swift */ = {isa = PBXFileReference; fileEncoding = 4; lastKnownFileType = sourcecode.swift; path = CategoryPickerViewController.swift; sourceTree = "<group>"; };
/* End PBXFileReference section */

/* Begin PBXFrameworksBuildPhase section */
		7B09C7B51EF282F500AF4F08 /* Frameworks */ = {
			isa = PBXFrameworksBuildPhase;
			buildActionMask = 2147483647;
			files = (
				7B13E25C1F020C2700694DCC /* MapKit.framework in Frameworks */,
			);
			runOnlyForDeploymentPostprocessing = 0;
		};
/* End PBXFrameworksBuildPhase section */

/* Begin PBXGroup section */
		7B09C7AF1EF282F500AF4F08 = {
			isa = PBXGroup;
			children = (
				7B09C7BA1EF282F500AF4F08 /* MyLocations */,
				7B09C7B91EF282F500AF4F08 /* Products */,
				7B13E25A1F020C2700694DCC /* Frameworks */,
			);
			sourceTree = "<group>";
		};
		7B09C7B91EF282F500AF4F08 /* Products */ = {
			isa = PBXGroup;
			children = (
				7B09C7B81EF282F500AF4F08 /* MyLocations.app */,
			);
			name = Products;
			sourceTree = "<group>";
		};
		7B09C7BA1EF282F500AF4F08 /* MyLocations */ = {
			isa = PBXGroup;
			children = (
				7B09C7C91EF282F500AF4F08 /* Info.plist */,
				7B09C7BB1EF282F500AF4F08 /* AppDelegate.swift */,
				7BD3290E1EFAB83C00B4FB4F /* CategoryPickerViewController.swift */,
				7B09C7BD1EF282F500AF4F08 /* CurrentLocationViewController.swift */,
				7B24E2211EFBC16E009A0689 /* Functions.swift */,
				7B24E21F1EFB6AF7009A0689 /* HudView.swift */,
				7B0EFE681EFD03690012FE7D /* Location+CoreDataClass.swift */,
				7B0EFE691EFD03690012FE7D /* Location+CoreDataProperties.swift */,
				7BC4C4EB1F00EAF3001FD74D /* LocationCell.swift */,
				7B1220751EFA110200E7A465 /* LocationDetailsViewController.swift */,
				7B2F914F1F00B5AF000F676B /* LocationsViewController.swift */,
				7B13E25D1F020E4F00694DCC /* MapViewController.swift */,
				7B09C7BF1EF282F500AF4F08 /* SecondViewController.swift */,
				7B09C7C41EF282F500AF4F08 /* Assets.xcassets */,
				7B0EFE591EFCEB320012FE7D /* DataModel.xcdatamodeld */,
				7B09C7C61EF282F500AF4F08 /* LaunchScreen.storyboard */,
				7B09C7C11EF282F500AF4F08 /* Main.storyboard */,
			);
			path = MyLocations;
			sourceTree = "<group>";
		};
		7B13E25A1F020C2700694DCC /* Frameworks */ = {
			isa = PBXGroup;
			children = (
				7B13E25B1F020C2700694DCC /* MapKit.framework */,
			);
			name = Frameworks;
			sourceTree = "<group>";
		};
/* End PBXGroup section */

/* Begin PBXNativeTarget section */
		7B09C7B71EF282F500AF4F08 /* MyLocations */ = {
			isa = PBXNativeTarget;
			buildConfigurationList = 7B09C7CC1EF282F500AF4F08 /* Build configuration list for PBXNativeTarget "MyLocations" */;
			buildPhases = (
				7B09C7B41EF282F500AF4F08 /* Sources */,
				7B09C7B51EF282F500AF4F08 /* Frameworks */,
				7B09C7B61EF282F500AF4F08 /* Resources */,
			);
			buildRules = (
			);
			dependencies = (
			);
			name = MyLocations;
			productName = MyLocations;
			productReference = 7B09C7B81EF282F500AF4F08 /* MyLocations.app */;
			productType = "com.apple.product-type.application";
		};
/* End PBXNativeTarget section */

/* Begin PBXProject section */
		7B09C7B01EF282F500AF4F08 /* Project object */ = {
			isa = PBXProject;
			attributes = {
				LastSwiftUpdateCheck = 0810;
				LastUpgradeCheck = 0830;
				ORGANIZATIONNAME = "Silver Chu";
				TargetAttributes = {
					7B09C7B71EF282F500AF4F08 = {
						CreatedOnToolsVersion = 8.1;
						DevelopmentTeam = 9888JNG5TE;
						ProvisioningStyle = Automatic;
						SystemCapabilities = {
							com.apple.Maps.iOS = {
								enabled = 1;
							};
						};
					};
				};
			};
			buildConfigurationList = 7B09C7B31EF282F500AF4F08 /* Build configuration list for PBXProject "MyLocations" */;
			compatibilityVersion = "Xcode 3.2";
			developmentRegion = English;
			hasScannedForEncodings = 0;
			knownRegions = (
				en,
				Base,
			);
			mainGroup = 7B09C7AF1EF282F500AF4F08;
			productRefGroup = 7B09C7B91EF282F500AF4F08 /* Products */;
			projectDirPath = "";
			projectRoot = "";
			targets = (
				7B09C7B71EF282F500AF4F08 /* MyLocations */,
			);
		};
/* End PBXProject section */

/* Begin PBXResourcesBuildPhase section */
		7B09C7B61EF282F500AF4F08 /* Resources */ = {
			isa = PBXResourcesBuildPhase;
			buildActionMask = 2147483647;
			files = (
				7B09C7C81EF282F500AF4F08 /* LaunchScreen.storyboard in Resources */,
				7B09C7C51EF282F500AF4F08 /* Assets.xcassets in Resources */,
				7B09C7C31EF282F500AF4F08 /* Main.storyboard in Resources */,
			);
			runOnlyForDeploymentPostprocessing = 0;
		};
/* End PBXResourcesBuildPhase section */

/* Begin PBXSourcesBuildPhase section */
		7B09C7B41EF282F500AF4F08 /* Sources */ = {
			isa = PBXSourcesBuildPhase;
			buildActionMask = 2147483647;
			files = (
				7B1220761EFA110200E7A465 /* LocationDetailsViewController.swift in Sources */,
				7B0EFE5B1EFCEB320012FE7D /* DataModel.xcdatamodeld in Sources */,
				7B09C7C01EF282F500AF4F08 /* SecondViewController.swift in Sources */,
				7B24E2201EFB6AF7009A0689 /* HudView.swift in Sources */,
				7B2F91501F00B5AF000F676B /* LocationsViewController.swift in Sources */,
				7B0EFE6B1EFD03690012FE7D /* Location+CoreDataProperties.swift in Sources */,
				7B13E25E1F020E4F00694DCC /* MapViewController.swift in Sources */,
				7BC4C4EC1F00EAF3001FD74D /* LocationCell.swift in Sources */,
				7B24E2221EFBC16E009A0689 /* Functions.swift in Sources */,
				7B09C7BC1EF282F500AF4F08 /* AppDelegate.swift in Sources */,
				7B0EFE6A1EFD03690012FE7D /* Location+CoreDataClass.swift in Sources */,
				7BD3290F1EFAB83C00B4FB4F /* CategoryPickerViewController.swift in Sources */,
				7B09C7BE1EF282F500AF4F08 /* CurrentLocationViewController.swift in Sources */,
			);
			runOnlyForDeploymentPostprocessing = 0;
		};
/* End PBXSourcesBuildPhase section */

/* Begin PBXVariantGroup section */
		7B09C7C11EF282F500AF4F08 /* Main.storyboard */ = {
			isa = PBXVariantGroup;
			children = (
				7B09C7C21EF282F500AF4F08 /* Base */,
			);
			name = Main.storyboard;
			sourceTree = "<group>";
		};
		7B09C7C61EF282F500AF4F08 /* LaunchScreen.storyboard */ = {
			isa = PBXVariantGroup;
			children = (
				7B09C7C71EF282F500AF4F08 /* Base */,
			);
			name = LaunchScreen.storyboard;
			sourceTree = "<group>";
		};
/* End PBXVariantGroup section */

/* Begin XCBuildConfiguration section */
		7B09C7CA1EF282F500AF4F08 /* Debug */ = {
			isa = XCBuildConfiguration;
			buildSettings = {
				ALWAYS_SEARCH_USER_PATHS = NO;
				CLANG_ANALYZER_NONNULL = YES;
				CLANG_CXX_LANGUAGE_STANDARD = "gnu++0x";
				CLANG_CXX_LIBRARY = "libc++";
				CLANG_ENABLE_MODULES = YES;
				CLANG_ENABLE_OBJC_ARC = YES;
				CLANG_WARN_BOOL_CONVERSION = YES;
				CLANG_WARN_CONSTANT_CONVERSION = YES;
				CLANG_WARN_DIRECT_OBJC_ISA_USAGE = YES_ERROR;
				CLANG_WARN_DOCUMENTATION_COMMENTS = YES;
				CLANG_WARN_EMPTY_BODY = YES;
				CLANG_WARN_ENUM_CONVERSION = YES;
				CLANG_WARN_INFINITE_RECURSION = YES;
				CLANG_WARN_INT_CONVERSION = YES;
				CLANG_WARN_OBJC_ROOT_CLASS = YES_ERROR;
				CLANG_WARN_SUSPICIOUS_MOVE = YES;
				CLANG_WARN_SUSPICIOUS_MOVES = YES;
				CLANG_WARN_UNREACHABLE_CODE = YES;
				CLANG_WARN__DUPLICATE_METHOD_MATCH = YES;
				"CODE_SIGN_IDENTITY[sdk=iphoneos*]" = "iPhone Developer";
				COPY_PHASE_STRIP = NO;
				DEBUG_INFORMATION_FORMAT = dwarf;
				ENABLE_STRICT_OBJC_MSGSEND = YES;
				ENABLE_TESTABILITY = YES;
				GCC_C_LANGUAGE_STANDARD = gnu99;
				GCC_DYNAMIC_NO_PIC = NO;
				GCC_NO_COMMON_BLOCKS = YES;
				GCC_OPTIMIZATION_LEVEL = 0;
				GCC_PREPROCESSOR_DEFINITIONS = (
					"DEBUG=1",
					"$(inherited)",
				);
				GCC_WARN_64_TO_32_BIT_CONVERSION = YES;
				GCC_WARN_ABOUT_RETURN_TYPE = YES_ERROR;
				GCC_WARN_UNDECLARED_SELECTOR = YES;
				GCC_WARN_UNINITIALIZED_AUTOS = YES_AGGRESSIVE;
				GCC_WARN_UNUSED_FUNCTION = YES;
				GCC_WARN_UNUSED_VARIABLE = YES;
				IPHONEOS_DEPLOYMENT_TARGET = 10.3;
				MTL_ENABLE_DEBUG_INFO = YES;
				ONLY_ACTIVE_ARCH = YES;
				SDKROOT = iphoneos;
				SWIFT_ACTIVE_COMPILATION_CONDITIONS = DEBUG;
				SWIFT_OPTIMIZATION_LEVEL = "-Onone";
			};
			name = Debug;
		};
		7B09C7CB1EF282F500AF4F08 /* Release */ = {
			isa = XCBuildConfiguration;
			buildSettings = {
				ALWAYS_SEARCH_USER_PATHS = NO;
				CLANG_ANALYZER_NONNULL = YES;
				CLANG_CXX_LANGUAGE_STANDARD = "gnu++0x";
				CLANG_CXX_LIBRARY = "libc++";
				CLANG_ENABLE_MODULES = YES;
				CLANG_ENABLE_OBJC_ARC = YES;
				CLANG_WARN_BOOL_CONVERSION = YES;
				CLANG_WARN_CONSTANT_CONVERSION = YES;
				CLANG_WARN_DIRECT_OBJC_ISA_USAGE = YES_ERROR;
				CLANG_WARN_DOCUMENTATION_COMMENTS = YES;
				CLANG_WARN_EMPTY_BODY = YES;
				CLANG_WARN_ENUM_CONVERSION = YES;
				CLANG_WARN_INFINITE_RECURSION = YES;
				CLANG_WARN_INT_CONVERSION = YES;
				CLANG_WARN_OBJC_ROOT_CLASS = YES_ERROR;
				CLANG_WARN_SUSPICIOUS_MOVE = YES;
				CLANG_WARN_SUSPICIOUS_MOVES = YES;
				CLANG_WARN_UNREACHABLE_CODE = YES;
				CLANG_WARN__DUPLICATE_METHOD_MATCH = YES;
				"CODE_SIGN_IDENTITY[sdk=iphoneos*]" = "iPhone Developer";
				COPY_PHASE_STRIP = NO;
				DEBUG_INFORMATION_FORMAT = "dwarf-with-dsym";
				ENABLE_NS_ASSERTIONS = NO;
				ENABLE_STRICT_OBJC_MSGSEND = YES;
				GCC_C_LANGUAGE_STANDARD = gnu99;
				GCC_NO_COMMON_BLOCKS = YES;
				GCC_WARN_64_TO_32_BIT_CONVERSION = YES;
				GCC_WARN_ABOUT_RETURN_TYPE = YES_ERROR;
				GCC_WARN_UNDECLARED_SELECTOR = YES;
				GCC_WARN_UNINITIALIZED_AUTOS = YES_AGGRESSIVE;
				GCC_WARN_UNUSED_FUNCTION = YES;
				GCC_WARN_UNUSED_VARIABLE = YES;
				IPHONEOS_DEPLOYMENT_TARGET = 10.3;
				MTL_ENABLE_DEBUG_INFO = NO;
				SDKROOT = iphoneos;
				SWIFT_OPTIMIZATION_LEVEL = "-Owholemodule";
				VALIDATE_PRODUCT = YES;
			};
			name = Release;
		};
		7B09C7CD1EF282F500AF4F08 /* Debug */ = {
			isa = XCBuildConfiguration;
			buildSettings = {
				ASSETCATALOG_COMPILER_APPICON_NAME = AppIcon;
				DEVELOPMENT_TEAM = 9888JNG5TE;
				INFOPLIST_FILE = MyLocations/Info.plist;
				LD_RUNPATH_SEARCH_PATHS = "$(inherited) @executable_path/Frameworks";
				PRODUCT_BUNDLE_IDENTIFIER = com.silverchu.MyLocations;
				PRODUCT_NAME = "$(TARGET_NAME)";
				SWIFT_VERSION = 3.0;
			};
			name = Debug;
		};
		7B09C7CE1EF282F500AF4F08 /* Release */ = {
			isa = XCBuildConfiguration;
			buildSettings = {
				ASSETCATALOG_COMPILER_APPICON_NAME = AppIcon;
				DEVELOPMENT_TEAM = 9888JNG5TE;
				INFOPLIST_FILE = MyLocations/Info.plist;
				LD_RUNPATH_SEARCH_PATHS = "$(inherited) @executable_path/Frameworks";
				PRODUCT_BUNDLE_IDENTIFIER = com.silverchu.MyLocations;
				PRODUCT_NAME = "$(TARGET_NAME)";
				SWIFT_VERSION = 3.0;
			};
			name = Release;
		};
/* End XCBuildConfiguration section */

/* Begin XCConfigurationList section */
		7B09C7B31EF282F500AF4F08 /* Build configuration list for PBXProject "MyLocations" */ = {
			isa = XCConfigurationList;
			buildConfigurations = (
				7B09C7CA1EF282F500AF4F08 /* Debug */,
				7B09C7CB1EF282F500AF4F08 /* Release */,
			);
			defaultConfigurationIsVisible = 0;
			defaultConfigurationName = Release;
		};
		7B09C7CC1EF282F500AF4F08 /* Build configuration list for PBXNativeTarget "MyLocations" */ = {
			isa = XCConfigurationList;
			buildConfigurations = (
				7B09C7CD1EF282F500AF4F08 /* Debug */,
				7B09C7CE1EF282F500AF4F08 /* Release */,
			);
			defaultConfigurationIsVisible = 0;
			defaultConfigurationName = Release;
		};
/* End XCConfigurationList section */

/* Begin XCVersionGroup section */
		7B0EFE591EFCEB320012FE7D /* DataModel.xcdatamodeld */ = {
			isa = XCVersionGroup;
			children = (
				7B0EFE5A1EFCEB320012FE7D /* DataModel.xcdatamodel */,
			);
			currentVersion = 7B0EFE5A1EFCEB320012FE7D /* DataModel.xcdatamodel */;
			path = DataModel.xcdatamodeld;
			sourceTree = "<group>";
			versionGroupType = wrapper.xcdatamodel;
		};
/* End XCVersionGroup section */
	};
	rootObject = 7B09C7B01EF282F500AF4F08 /* Project object */;
}
